// !$*UTF8*$!
{
	archiveVersion = 1;
	classes = {
	};
	objectVersion = 55;
	objects = {

/* Begin PBXBuildFile section */
		528087E2277A9AAB000A378D /* SwiftUI_ViewsAndModifiersView.swift in Sources */ = {isa = PBXBuildFile; fileRef = 528087E1277A9AAB000A378D /* SwiftUI_ViewsAndModifiersView.swift */; };
		528087E6277AB2F0000A378D /* ViewCodeBase.swift in Sources */ = {isa = PBXBuildFile; fileRef = 528087E5277AB2F0000A378D /* ViewCodeBase.swift */; };
		528087E9277AB360000A378D /* ViewCodeBaseType.swift in Sources */ = {isa = PBXBuildFile; fileRef = 528087E8277AB360000A378D /* ViewCodeBaseType.swift */; };
		528087EC277AB452000A378D /* ViewCode_LoginView.swift in Sources */ = {isa = PBXBuildFile; fileRef = 528087EB277AB452000A378D /* ViewCode_LoginView.swift */; };
		528087EE277AB45D000A378D /* ViewCode_LoginViewController.swift in Sources */ = {isa = PBXBuildFile; fileRef = 528087ED277AB45D000A378D /* ViewCode_LoginViewController.swift */; };
		528087F1277AB593000A378D /* SwiftUI_LoginView.swift in Sources */ = {isa = PBXBuildFile; fileRef = 528087F0277AB593000A378D /* SwiftUI_LoginView.swift */; };
		528087F3277AB5AB000A378D /* SwiftUI_LoginViewModel.swift in Sources */ = {isa = PBXBuildFile; fileRef = 528087F2277AB5AB000A378D /* SwiftUI_LoginViewModel.swift */; };
		528087F5277AB62B000A378D /* ViewCode_LoginViewModel.swift in Sources */ = {isa = PBXBuildFile; fileRef = 528087F4277AB62B000A378D /* ViewCode_LoginViewModel.swift */; };
		844DF2C9277258C6008B95CF /* AppDelegate.swift in Sources */ = {isa = PBXBuildFile; fileRef = 844DF2C8277258C6008B95CF /* AppDelegate.swift */; };
		844DF2CB277258C6008B95CF /* SceneDelegate.swift in Sources */ = {isa = PBXBuildFile; fileRef = 844DF2CA277258C6008B95CF /* SceneDelegate.swift */; };
		844DF2CD277258C6008B95CF /* ViewController.swift in Sources */ = {isa = PBXBuildFile; fileRef = 844DF2CC277258C6008B95CF /* ViewController.swift */; };
		844DF2D0277258C6008B95CF /* Main.storyboard in Resources */ = {isa = PBXBuildFile; fileRef = 844DF2CE277258C6008B95CF /* Main.storyboard */; };
		844DF2D2277258C7008B95CF /* Assets.xcassets in Resources */ = {isa = PBXBuildFile; fileRef = 844DF2D1277258C7008B95CF /* Assets.xcassets */; };
		844DF2D5277258C7008B95CF /* LaunchScreen.storyboard in Resources */ = {isa = PBXBuildFile; fileRef = 844DF2D3277258C7008B95CF /* LaunchScreen.storyboard */; };
		844DF2E0277258C7008B95CF /* UIKitAndSwiftUI4TestTests.swift in Sources */ = {isa = PBXBuildFile; fileRef = 844DF2DF277258C7008B95CF /* UIKitAndSwiftUI4TestTests.swift */; };
		844DF2EA277258C7008B95CF /* UIKitAndSwiftUI4TestUITests.swift in Sources */ = {isa = PBXBuildFile; fileRef = 844DF2E9277258C7008B95CF /* UIKitAndSwiftUI4TestUITests.swift */; };
		844DF2EC277258C7008B95CF /* UIKitAndSwiftUI4TestUITestsLaunchTests.swift in Sources */ = {isa = PBXBuildFile; fileRef = 844DF2EB277258C7008B95CF /* UIKitAndSwiftUI4TestUITestsLaunchTests.swift */; };
/* End PBXBuildFile section */

/* Begin PBXContainerItemProxy section */
		844DF2DC277258C7008B95CF /* PBXContainerItemProxy */ = {
			isa = PBXContainerItemProxy;
			containerPortal = 844DF2BD277258C5008B95CF /* Project object */;
			proxyType = 1;
			remoteGlobalIDString = 844DF2C4277258C6008B95CF;
			remoteInfo = UIKitAndSwiftUI4Test;
		};
		844DF2E6277258C7008B95CF /* PBXContainerItemProxy */ = {
			isa = PBXContainerItemProxy;
			containerPortal = 844DF2BD277258C5008B95CF /* Project object */;
			proxyType = 1;
			remoteGlobalIDString = 844DF2C4277258C6008B95CF;
			remoteInfo = UIKitAndSwiftUI4Test;
		};
/* End PBXContainerItemProxy section */

/* Begin PBXFileReference section */
		528087E1277A9AAB000A378D /* SwiftUI_ViewsAndModifiersView.swift */ = {isa = PBXFileReference; fileEncoding = 4; lastKnownFileType = sourcecode.swift; path = SwiftUI_ViewsAndModifiersView.swift; sourceTree = "<group>"; };
		528087E5277AB2F0000A378D /* ViewCodeBase.swift */ = {isa = PBXFileReference; lastKnownFileType = sourcecode.swift; path = ViewCodeBase.swift; sourceTree = "<group>"; };
		528087E8277AB360000A378D /* ViewCodeBaseType.swift */ = {isa = PBXFileReference; lastKnownFileType = sourcecode.swift; path = ViewCodeBaseType.swift; sourceTree = "<group>"; };
		528087EB277AB452000A378D /* ViewCode_LoginView.swift */ = {isa = PBXFileReference; lastKnownFileType = sourcecode.swift; path = ViewCode_LoginView.swift; sourceTree = "<group>"; };
		528087ED277AB45D000A378D /* ViewCode_LoginViewController.swift */ = {isa = PBXFileReference; lastKnownFileType = sourcecode.swift; path = ViewCode_LoginViewController.swift; sourceTree = "<group>"; };
		528087F0277AB593000A378D /* SwiftUI_LoginView.swift */ = {isa = PBXFileReference; lastKnownFileType = sourcecode.swift; path = SwiftUI_LoginView.swift; sourceTree = "<group>"; };
		528087F2277AB5AB000A378D /* SwiftUI_LoginViewModel.swift */ = {isa = PBXFileReference; lastKnownFileType = sourcecode.swift; path = SwiftUI_LoginViewModel.swift; sourceTree = "<group>"; };
		528087F4277AB62B000A378D /* ViewCode_LoginViewModel.swift */ = {isa = PBXFileReference; lastKnownFileType = sourcecode.swift; path = ViewCode_LoginViewModel.swift; sourceTree = "<group>"; };
		844DF2C5277258C6008B95CF /* UIKitAndSwiftUI4Test.app */ = {isa = PBXFileReference; explicitFileType = wrapper.application; includeInIndex = 0; path = UIKitAndSwiftUI4Test.app; sourceTree = BUILT_PRODUCTS_DIR; };
		844DF2C8277258C6008B95CF /* AppDelegate.swift */ = {isa = PBXFileReference; lastKnownFileType = sourcecode.swift; path = AppDelegate.swift; sourceTree = "<group>"; };
		844DF2CA277258C6008B95CF /* SceneDelegate.swift */ = {isa = PBXFileReference; lastKnownFileType = sourcecode.swift; path = SceneDelegate.swift; sourceTree = "<group>"; };
		844DF2CC277258C6008B95CF /* ViewController.swift */ = {isa = PBXFileReference; lastKnownFileType = sourcecode.swift; path = ViewController.swift; sourceTree = "<group>"; };
		844DF2CF277258C6008B95CF /* Base */ = {isa = PBXFileReference; lastKnownFileType = file.storyboard; name = Base; path = Base.lproj/Main.storyboard; sourceTree = "<group>"; };
		844DF2D1277258C7008B95CF /* Assets.xcassets */ = {isa = PBXFileReference; lastKnownFileType = folder.assetcatalog; path = Assets.xcassets; sourceTree = "<group>"; };
		844DF2D4277258C7008B95CF /* Base */ = {isa = PBXFileReference; lastKnownFileType = file.storyboard; name = Base; path = Base.lproj/LaunchScreen.storyboard; sourceTree = "<group>"; };
		844DF2D6277258C7008B95CF /* Info.plist */ = {isa = PBXFileReference; lastKnownFileType = text.plist.xml; path = Info.plist; sourceTree = "<group>"; };
		844DF2DB277258C7008B95CF /* UIKitAndSwiftUI4TestTests.xctest */ = {isa = PBXFileReference; explicitFileType = wrapper.cfbundle; includeInIndex = 0; path = UIKitAndSwiftUI4TestTests.xctest; sourceTree = BUILT_PRODUCTS_DIR; };
		844DF2DF277258C7008B95CF /* UIKitAndSwiftUI4TestTests.swift */ = {isa = PBXFileReference; lastKnownFileType = sourcecode.swift; path = UIKitAndSwiftUI4TestTests.swift; sourceTree = "<group>"; };
		844DF2E5277258C7008B95CF /* UIKitAndSwiftUI4TestUITests.xctest */ = {isa = PBXFileReference; explicitFileType = wrapper.cfbundle; includeInIndex = 0; path = UIKitAndSwiftUI4TestUITests.xctest; sourceTree = BUILT_PRODUCTS_DIR; };
		844DF2E9277258C7008B95CF /* UIKitAndSwiftUI4TestUITests.swift */ = {isa = PBXFileReference; lastKnownFileType = sourcecode.swift; path = UIKitAndSwiftUI4TestUITests.swift; sourceTree = "<group>"; };
		844DF2EB277258C7008B95CF /* UIKitAndSwiftUI4TestUITestsLaunchTests.swift */ = {isa = PBXFileReference; lastKnownFileType = sourcecode.swift; path = UIKitAndSwiftUI4TestUITestsLaunchTests.swift; sourceTree = "<group>"; };
/* End PBXFileReference section */

/* Begin PBXFrameworksBuildPhase section */
		844DF2C2277258C6008B95CF /* Frameworks */ = {
			isa = PBXFrameworksBuildPhase;
			buildActionMask = 2147483647;
			files = (
			);
			runOnlyForDeploymentPostprocessing = 0;
		};
		844DF2D8277258C7008B95CF /* Frameworks */ = {
			isa = PBXFrameworksBuildPhase;
			buildActionMask = 2147483647;
			files = (
			);
			runOnlyForDeploymentPostprocessing = 0;
		};
		844DF2E2277258C7008B95CF /* Frameworks */ = {
			isa = PBXFrameworksBuildPhase;
			buildActionMask = 2147483647;
			files = (
			);
			runOnlyForDeploymentPostprocessing = 0;
		};
/* End PBXFrameworksBuildPhase section */

/* Begin PBXGroup section */
		528087D4277A93AA000A378D /* Presentation */ = {
			isa = PBXGroup;
			children = (
				528087D7277A93C5000A378D /* SwiftUI */,
				528087D6277A93BE000A378D /* UIKit */,
			);
			path = Presentation;
			sourceTree = "<group>";
		};
		528087D5277A93B4000A378D /* App */ = {
			isa = PBXGroup;
			children = (
				844DF2C8277258C6008B95CF /* AppDelegate.swift */,
				844DF2CA277258C6008B95CF /* SceneDelegate.swift */,
			);
			path = App;
			sourceTree = "<group>";
		};
		528087D6277A93BE000A378D /* UIKit */ = {
			isa = PBXGroup;
			children = (
				528087E4277AB1DA000A378D /* Storyboard */,
				528087E3277AB1D0000A378D /* ViewCode */,
			);
			path = UIKit;
			sourceTree = "<group>";
		};
		528087D7277A93C5000A378D /* SwiftUI */ = {
			isa = PBXGroup;
			children = (
				528087E0277A9A84000A378D /* 01_ViewsAndModifiers */,
				528087EF277AB57C000A378D /* Login */,
			);
			path = SwiftUI;
			sourceTree = "<group>";
		};
		528087D8277A9403000A378D /* Main */ = {
			isa = PBXGroup;
			children = (
				844DF2CC277258C6008B95CF /* ViewController.swift */,
				844DF2CE277258C6008B95CF /* Main.storyboard */,
			);
			path = Main;
			sourceTree = "<group>";
		};
		528087D9277A940A000A378D /* Launch */ = {
			isa = PBXGroup;
			children = (
				844DF2D3277258C7008B95CF /* LaunchScreen.storyboard */,
			);
			path = Launch;
			sourceTree = "<group>";
		};
		528087E0277A9A84000A378D /* 01_ViewsAndModifiers */ = {
			isa = PBXGroup;
			children = (
				528087E1277A9AAB000A378D /* SwiftUI_ViewsAndModifiersView.swift */,
			);
			path = 01_ViewsAndModifiers;
			sourceTree = "<group>";
		};
		528087E3277AB1D0000A378D /* ViewCode */ = {
			isa = PBXGroup;
			children = (
				528087E7277AB33E000A378D /* Base */,
				528087EA277AB442000A378D /* Login */,
			);
			path = ViewCode;
			sourceTree = "<group>";
		};
		528087E4277AB1DA000A378D /* Storyboard */ = {
			isa = PBXGroup;
			children = (
				528087D9277A940A000A378D /* Launch */,
				528087D8277A9403000A378D /* Main */,
			);
			path = Storyboard;
			sourceTree = "<group>";
		};
		528087E7277AB33E000A378D /* Base */ = {
			isa = PBXGroup;
			children = (
				528087E5277AB2F0000A378D /* ViewCodeBase.swift */,
				528087E8277AB360000A378D /* ViewCodeBaseType.swift */,
			);
			path = Base;
			sourceTree = "<group>";
		};
		528087EA277AB442000A378D /* Login */ = {
			isa = PBXGroup;
			children = (
				528087EB277AB452000A378D /* ViewCode_LoginView.swift */,
				528087ED277AB45D000A378D /* ViewCode_LoginViewController.swift */,
				528087F4277AB62B000A378D /* ViewCode_LoginViewModel.swift */,
			);
			path = Login;
			sourceTree = "<group>";
		};
		528087EF277AB57C000A378D /* Login */ = {
			isa = PBXGroup;
			children = (
				528087F0277AB593000A378D /* SwiftUI_LoginView.swift */,
				528087F2277AB5AB000A378D /* SwiftUI_LoginViewModel.swift */,
			);
			path = Login;
			sourceTree = "<group>";
		};
		844DF2BC277258C5008B95CF = {
			isa = PBXGroup;
			children = (
				844DF2C7277258C6008B95CF /* UIKitAndSwiftUI4Test */,
				844DF2DE277258C7008B95CF /* UIKitAndSwiftUI4TestTests */,
				844DF2E8277258C7008B95CF /* UIKitAndSwiftUI4TestUITests */,
				844DF2C6277258C6008B95CF /* Products */,
			);
			sourceTree = "<group>";
		};
		844DF2C6277258C6008B95CF /* Products */ = {
			isa = PBXGroup;
			children = (
				844DF2C5277258C6008B95CF /* UIKitAndSwiftUI4Test.app */,
				844DF2DB277258C7008B95CF /* UIKitAndSwiftUI4TestTests.xctest */,
				844DF2E5277258C7008B95CF /* UIKitAndSwiftUI4TestUITests.xctest */,
			);
			name = Products;
			sourceTree = "<group>";
		};
		844DF2C7277258C6008B95CF /* UIKitAndSwiftUI4Test */ = {
			isa = PBXGroup;
			children = (
				528087D5277A93B4000A378D /* App */,
				528087D4277A93AA000A378D /* Presentation */,
				844DF2D1277258C7008B95CF /* Assets.xcassets */,
				844DF2D6277258C7008B95CF /* Info.plist */,
			);
			path = UIKitAndSwiftUI4Test;
			sourceTree = "<group>";
		};
		844DF2DE277258C7008B95CF /* UIKitAndSwiftUI4TestTests */ = {
			isa = PBXGroup;
			children = (
				844DF2DF277258C7008B95CF /* UIKitAndSwiftUI4TestTests.swift */,
			);
			path = UIKitAndSwiftUI4TestTests;
			sourceTree = "<group>";
		};
		844DF2E8277258C7008B95CF /* UIKitAndSwiftUI4TestUITests */ = {
			isa = PBXGroup;
			children = (
				844DF2E9277258C7008B95CF /* UIKitAndSwiftUI4TestUITests.swift */,
				844DF2EB277258C7008B95CF /* UIKitAndSwiftUI4TestUITestsLaunchTests.swift */,
			);
			path = UIKitAndSwiftUI4TestUITests;
			sourceTree = "<group>";
		};
/* End PBXGroup section */

/* Begin PBXNativeTarget section */
		844DF2C4277258C6008B95CF /* UIKitAndSwiftUI4Test */ = {
			isa = PBXNativeTarget;
			buildConfigurationList = 844DF2EF277258C7008B95CF /* Build configuration list for PBXNativeTarget "UIKitAndSwiftUI4Test" */;
			buildPhases = (
				844DF2C1277258C6008B95CF /* Sources */,
				844DF2C2277258C6008B95CF /* Frameworks */,
				844DF2C3277258C6008B95CF /* Resources */,
			);
			buildRules = (
			);
			dependencies = (
			);
			name = UIKitAndSwiftUI4Test;
			productName = UIKitAndSwiftUI4Test;
			productReference = 844DF2C5277258C6008B95CF /* UIKitAndSwiftUI4Test.app */;
			productType = "com.apple.product-type.application";
		};
		844DF2DA277258C7008B95CF /* UIKitAndSwiftUI4TestTests */ = {
			isa = PBXNativeTarget;
			buildConfigurationList = 844DF2F2277258C7008B95CF /* Build configuration list for PBXNativeTarget "UIKitAndSwiftUI4TestTests" */;
			buildPhases = (
				844DF2D7277258C7008B95CF /* Sources */,
				844DF2D8277258C7008B95CF /* Frameworks */,
				844DF2D9277258C7008B95CF /* Resources */,
			);
			buildRules = (
			);
			dependencies = (
				844DF2DD277258C7008B95CF /* PBXTargetDependency */,
			);
			name = UIKitAndSwiftUI4TestTests;
			productName = UIKitAndSwiftUI4TestTests;
			productReference = 844DF2DB277258C7008B95CF /* UIKitAndSwiftUI4TestTests.xctest */;
			productType = "com.apple.product-type.bundle.unit-test";
		};
		844DF2E4277258C7008B95CF /* UIKitAndSwiftUI4TestUITests */ = {
			isa = PBXNativeTarget;
			buildConfigurationList = 844DF2F5277258C7008B95CF /* Build configuration list for PBXNativeTarget "UIKitAndSwiftUI4TestUITests" */;
			buildPhases = (
				844DF2E1277258C7008B95CF /* Sources */,
				844DF2E2277258C7008B95CF /* Frameworks */,
				844DF2E3277258C7008B95CF /* Resources */,
			);
			buildRules = (
			);
			dependencies = (
				844DF2E7277258C7008B95CF /* PBXTargetDependency */,
			);
			name = UIKitAndSwiftUI4TestUITests;
			productName = UIKitAndSwiftUI4TestUITests;
			productReference = 844DF2E5277258C7008B95CF /* UIKitAndSwiftUI4TestUITests.xctest */;
			productType = "com.apple.product-type.bundle.ui-testing";
		};
/* End PBXNativeTarget section */

/* Begin PBXProject section */
		844DF2BD277258C5008B95CF /* Project object */ = {
			isa = PBXProject;
			attributes = {
				BuildIndependentTargetsInParallel = 1;
				LastSwiftUpdateCheck = 1320;
				LastUpgradeCheck = 1320;
				TargetAttributes = {
					844DF2C4277258C6008B95CF = {
						CreatedOnToolsVersion = 13.2.1;
					};
					844DF2DA277258C7008B95CF = {
						CreatedOnToolsVersion = 13.2.1;
						TestTargetID = 844DF2C4277258C6008B95CF;
					};
					844DF2E4277258C7008B95CF = {
						CreatedOnToolsVersion = 13.2.1;
						TestTargetID = 844DF2C4277258C6008B95CF;
					};
				};
			};
			buildConfigurationList = 844DF2C0277258C5008B95CF /* Build configuration list for PBXProject "UIKitAndSwiftUI4Test" */;
			compatibilityVersion = "Xcode 13.0";
			developmentRegion = en;
			hasScannedForEncodings = 0;
			knownRegions = (
				en,
				Base,
			);
			mainGroup = 844DF2BC277258C5008B95CF;
			productRefGroup = 844DF2C6277258C6008B95CF /* Products */;
			projectDirPath = "";
			projectRoot = "";
			targets = (
				844DF2C4277258C6008B95CF /* UIKitAndSwiftUI4Test */,
				844DF2DA277258C7008B95CF /* UIKitAndSwiftUI4TestTests */,
				844DF2E4277258C7008B95CF /* UIKitAndSwiftUI4TestUITests */,
			);
		};
/* End PBXProject section */

/* Begin PBXResourcesBuildPhase section */
		844DF2C3277258C6008B95CF /* Resources */ = {
			isa = PBXResourcesBuildPhase;
			buildActionMask = 2147483647;
			files = (
				844DF2D5277258C7008B95CF /* LaunchScreen.storyboard in Resources */,
				844DF2D2277258C7008B95CF /* Assets.xcassets in Resources */,
				844DF2D0277258C6008B95CF /* Main.storyboard in Resources */,
			);
			runOnlyForDeploymentPostprocessing = 0;
		};
		844DF2D9277258C7008B95CF /* Resources */ = {
			isa = PBXResourcesBuildPhase;
			buildActionMask = 2147483647;
			files = (
			);
			runOnlyForDeploymentPostprocessing = 0;
		};
		844DF2E3277258C7008B95CF /* Resources */ = {
			isa = PBXResourcesBuildPhase;
			buildActionMask = 2147483647;
			files = (
			);
			runOnlyForDeploymentPostprocessing = 0;
		};
/* End PBXResourcesBuildPhase section */

/* Begin PBXSourcesBuildPhase section */
		844DF2C1277258C6008B95CF /* Sources */ = {
			isa = PBXSourcesBuildPhase;
			buildActionMask = 2147483647;
			files = (
				528087E2277A9AAB000A378D /* SwiftUI_ViewsAndModifiersView.swift in Sources */,
				528087F5277AB62B000A378D /* ViewCode_LoginViewModel.swift in Sources */,
				528087EC277AB452000A378D /* ViewCode_LoginView.swift in Sources */,
				528087F3277AB5AB000A378D /* SwiftUI_LoginViewModel.swift in Sources */,
				528087E6277AB2F0000A378D /* ViewCodeBase.swift in Sources */,
				528087E9277AB360000A378D /* ViewCodeBaseType.swift in Sources */,
				528087EE277AB45D000A378D /* ViewCode_LoginViewController.swift in Sources */,
				844DF2CD277258C6008B95CF /* ViewController.swift in Sources */,
				844DF2C9277258C6008B95CF /* AppDelegate.swift in Sources */,
				844DF2CB277258C6008B95CF /* SceneDelegate.swift in Sources */,
				528087F1277AB593000A378D /* SwiftUI_LoginView.swift in Sources */,
			);
			runOnlyForDeploymentPostprocessing = 0;
		};
		844DF2D7277258C7008B95CF /* Sources */ = {
			isa = PBXSourcesBuildPhase;
			buildActionMask = 2147483647;
			files = (
				844DF2E0277258C7008B95CF /* UIKitAndSwiftUI4TestTests.swift in Sources */,
			);
			runOnlyForDeploymentPostprocessing = 0;
		};
		844DF2E1277258C7008B95CF /* Sources */ = {
			isa = PBXSourcesBuildPhase;
			buildActionMask = 2147483647;
			files = (
				844DF2EC277258C7008B95CF /* UIKitAndSwiftUI4TestUITestsLaunchTests.swift in Sources */,
				844DF2EA277258C7008B95CF /* UIKitAndSwiftUI4TestUITests.swift in Sources */,
			);
			runOnlyForDeploymentPostprocessing = 0;
		};
/* End PBXSourcesBuildPhase section */

/* Begin PBXTargetDependency section */
		844DF2DD277258C7008B95CF /* PBXTargetDependency */ = {
			isa = PBXTargetDependency;
			target = 844DF2C4277258C6008B95CF /* UIKitAndSwiftUI4Test */;
			targetProxy = 844DF2DC277258C7008B95CF /* PBXContainerItemProxy */;
		};
		844DF2E7277258C7008B95CF /* PBXTargetDependency */ = {
			isa = PBXTargetDependency;
			target = 844DF2C4277258C6008B95CF /* UIKitAndSwiftUI4Test */;
			targetProxy = 844DF2E6277258C7008B95CF /* PBXContainerItemProxy */;
		};
/* End PBXTargetDependency section */

/* Begin PBXVariantGroup section */
		844DF2CE277258C6008B95CF /* Main.storyboard */ = {
			isa = PBXVariantGroup;
			children = (
				844DF2CF277258C6008B95CF /* Base */,
			);
			name = Main.storyboard;
			sourceTree = "<group>";
		};
		844DF2D3277258C7008B95CF /* LaunchScreen.storyboard */ = {
			isa = PBXVariantGroup;
			children = (
				844DF2D4277258C7008B95CF /* Base */,
			);
			name = LaunchScreen.storyboard;
			sourceTree = "<group>";
		};
/* End PBXVariantGroup section */

/* Begin XCBuildConfiguration section */
		844DF2ED277258C7008B95CF /* Debug */ = {
			isa = XCBuildConfiguration;
			buildSettings = {
				ALWAYS_SEARCH_USER_PATHS = NO;
				CLANG_ANALYZER_NONNULL = YES;
				CLANG_ANALYZER_NUMBER_OBJECT_CONVERSION = YES_AGGRESSIVE;
				CLANG_CXX_LANGUAGE_STANDARD = "gnu++17";
				CLANG_CXX_LIBRARY = "libc++";
				CLANG_ENABLE_MODULES = YES;
				CLANG_ENABLE_OBJC_ARC = YES;
				CLANG_ENABLE_OBJC_WEAK = YES;
				CLANG_WARN_BLOCK_CAPTURE_AUTORELEASING = YES;
				CLANG_WARN_BOOL_CONVERSION = YES;
				CLANG_WARN_COMMA = YES;
				CLANG_WARN_CONSTANT_CONVERSION = YES;
				CLANG_WARN_DEPRECATED_OBJC_IMPLEMENTATIONS = YES;
				CLANG_WARN_DIRECT_OBJC_ISA_USAGE = YES_ERROR;
				CLANG_WARN_DOCUMENTATION_COMMENTS = YES;
				CLANG_WARN_EMPTY_BODY = YES;
				CLANG_WARN_ENUM_CONVERSION = YES;
				CLANG_WARN_INFINITE_RECURSION = YES;
				CLANG_WARN_INT_CONVERSION = YES;
				CLANG_WARN_NON_LITERAL_NULL_CONVERSION = YES;
				CLANG_WARN_OBJC_IMPLICIT_RETAIN_SELF = YES;
				CLANG_WARN_OBJC_LITERAL_CONVERSION = YES;
				CLANG_WARN_OBJC_ROOT_CLASS = YES_ERROR;
				CLANG_WARN_QUOTED_INCLUDE_IN_FRAMEWORK_HEADER = YES;
				CLANG_WARN_RANGE_LOOP_ANALYSIS = YES;
				CLANG_WARN_STRICT_PROTOTYPES = YES;
				CLANG_WARN_SUSPICIOUS_MOVE = YES;
				CLANG_WARN_UNGUARDED_AVAILABILITY = YES_AGGRESSIVE;
				CLANG_WARN_UNREACHABLE_CODE = YES;
				CLANG_WARN__DUPLICATE_METHOD_MATCH = YES;
				COPY_PHASE_STRIP = NO;
				DEBUG_INFORMATION_FORMAT = dwarf;
				ENABLE_STRICT_OBJC_MSGSEND = YES;
				ENABLE_TESTABILITY = YES;
				GCC_C_LANGUAGE_STANDARD = gnu11;
				GCC_DYNAMIC_NO_PIC = NO;
				GCC_NO_COMMON_BLOCKS = YES;
				GCC_OPTIMIZATION_LEVEL = 0;
				GCC_PREPROCESSOR_DEFINITIONS = (
					"DEBUG=1",
					"$(inherited)",
				);
				GCC_WARN_64_TO_32_BIT_CONVERSION = YES;
				GCC_WARN_ABOUT_RETURN_TYPE = YES_ERROR;
				GCC_WARN_UNDECLARED_SELECTOR = YES;
				GCC_WARN_UNINITIALIZED_AUTOS = YES_AGGRESSIVE;
				GCC_WARN_UNUSED_FUNCTION = YES;
				GCC_WARN_UNUSED_VARIABLE = YES;
				IPHONEOS_DEPLOYMENT_TARGET = 13.0;
				MTL_ENABLE_DEBUG_INFO = INCLUDE_SOURCE;
				MTL_FAST_MATH = YES;
				ONLY_ACTIVE_ARCH = YES;
				SDKROOT = iphoneos;
				SWIFT_ACTIVE_COMPILATION_CONDITIONS = DEBUG;
				SWIFT_OPTIMIZATION_LEVEL = "-Onone";
			};
			name = Debug;
		};
		844DF2EE277258C7008B95CF /* Release */ = {
			isa = XCBuildConfiguration;
			buildSettings = {
				ALWAYS_SEARCH_USER_PATHS = NO;
				CLANG_ANALYZER_NONNULL = YES;
				CLANG_ANALYZER_NUMBER_OBJECT_CONVERSION = YES_AGGRESSIVE;
				CLANG_CXX_LANGUAGE_STANDARD = "gnu++17";
				CLANG_CXX_LIBRARY = "libc++";
				CLANG_ENABLE_MODULES = YES;
				CLANG_ENABLE_OBJC_ARC = YES;
				CLANG_ENABLE_OBJC_WEAK = YES;
				CLANG_WARN_BLOCK_CAPTURE_AUTORELEASING = YES;
				CLANG_WARN_BOOL_CONVERSION = YES;
				CLANG_WARN_COMMA = YES;
				CLANG_WARN_CONSTANT_CONVERSION = YES;
				CLANG_WARN_DEPRECATED_OBJC_IMPLEMENTATIONS = YES;
				CLANG_WARN_DIRECT_OBJC_ISA_USAGE = YES_ERROR;
				CLANG_WARN_DOCUMENTATION_COMMENTS = YES;
				CLANG_WARN_EMPTY_BODY = YES;
				CLANG_WARN_ENUM_CONVERSION = YES;
				CLANG_WARN_INFINITE_RECURSION = YES;
				CLANG_WARN_INT_CONVERSION = YES;
				CLANG_WARN_NON_LITERAL_NULL_CONVERSION = YES;
				CLANG_WARN_OBJC_IMPLICIT_RETAIN_SELF = YES;
				CLANG_WARN_OBJC_LITERAL_CONVERSION = YES;
				CLANG_WARN_OBJC_ROOT_CLASS = YES_ERROR;
				CLANG_WARN_QUOTED_INCLUDE_IN_FRAMEWORK_HEADER = YES;
				CLANG_WARN_RANGE_LOOP_ANALYSIS = YES;
				CLANG_WARN_STRICT_PROTOTYPES = YES;
				CLANG_WARN_SUSPICIOUS_MOVE = YES;
				CLANG_WARN_UNGUARDED_AVAILABILITY = YES_AGGRESSIVE;
				CLANG_WARN_UNREACHABLE_CODE = YES;
				CLANG_WARN__DUPLICATE_METHOD_MATCH = YES;
				COPY_PHASE_STRIP = NO;
				DEBUG_INFORMATION_FORMAT = "dwarf-with-dsym";
				ENABLE_NS_ASSERTIONS = NO;
				ENABLE_STRICT_OBJC_MSGSEND = YES;
				GCC_C_LANGUAGE_STANDARD = gnu11;
				GCC_NO_COMMON_BLOCKS = YES;
				GCC_WARN_64_TO_32_BIT_CONVERSION = YES;
				GCC_WARN_ABOUT_RETURN_TYPE = YES_ERROR;
				GCC_WARN_UNDECLARED_SELECTOR = YES;
				GCC_WARN_UNINITIALIZED_AUTOS = YES_AGGRESSIVE;
				GCC_WARN_UNUSED_FUNCTION = YES;
				GCC_WARN_UNUSED_VARIABLE = YES;
				IPHONEOS_DEPLOYMENT_TARGET = 13.0;
				MTL_ENABLE_DEBUG_INFO = NO;
				MTL_FAST_MATH = YES;
				SDKROOT = iphoneos;
				SWIFT_COMPILATION_MODE = wholemodule;
				SWIFT_OPTIMIZATION_LEVEL = "-O";
				VALIDATE_PRODUCT = YES;
			};
			name = Release;
		};
		844DF2F0277258C7008B95CF /* Debug */ = {
			isa = XCBuildConfiguration;
			buildSettings = {
				ASSETCATALOG_COMPILER_APPICON_NAME = AppIcon;
				ASSETCATALOG_COMPILER_GLOBAL_ACCENT_COLOR_NAME = AccentColor;
				CODE_SIGN_STYLE = Automatic;
				CURRENT_PROJECT_VERSION = 1;
				DEVELOPMENT_TEAM = 7TBCX7QSF9;
				GENERATE_INFOPLIST_FILE = YES;
				INFOPLIST_FILE = UIKitAndSwiftUI4Test/Info.plist;
				INFOPLIST_KEY_UIApplicationSupportsIndirectInputEvents = YES;
				INFOPLIST_KEY_UILaunchStoryboardName = LaunchScreen;
				INFOPLIST_KEY_UIMainStoryboardFile = Main;
				INFOPLIST_KEY_UISupportedInterfaceOrientations_iPad = "UIInterfaceOrientationPortrait UIInterfaceOrientationPortraitUpsideDown UIInterfaceOrientationLandscapeLeft UIInterfaceOrientationLandscapeRight";
				INFOPLIST_KEY_UISupportedInterfaceOrientations_iPhone = "UIInterfaceOrientationPortrait UIInterfaceOrientationLandscapeLeft UIInterfaceOrientationLandscapeRight";
				LD_RUNPATH_SEARCH_PATHS = (
					"$(inherited)",
					"@executable_path/Frameworks",
				);
				MARKETING_VERSION = 1.0;
				PRODUCT_BUNDLE_IDENTIFIER = dev.haroldjose.UIKitAndSwiftUI4Test;
				PRODUCT_NAME = "$(TARGET_NAME)";
				SWIFT_EMIT_LOC_STRINGS = YES;
				SWIFT_VERSION = 5.0;
				TARGETED_DEVICE_FAMILY = "1,2";
			};
			name = Debug;
		};
		844DF2F1277258C7008B95CF /* Release */ = {
			isa = XCBuildConfiguration;
			buildSettings = {
				ASSETCATALOG_COMPILER_APPICON_NAME = AppIcon;
				ASSETCATALOG_COMPILER_GLOBAL_ACCENT_COLOR_NAME = AccentColor;
				CODE_SIGN_STYLE = Automatic;
				CURRENT_PROJECT_VERSION = 1;
				DEVELOPMENT_TEAM = 7TBCX7QSF9;
				GENERATE_INFOPLIST_FILE = YES;
				INFOPLIST_FILE = UIKitAndSwiftUI4Test/Info.plist;
				INFOPLIST_KEY_UIApplicationSupportsIndirectInputEvents = YES;
				INFOPLIST_KEY_UILaunchStoryboardName = LaunchScreen;
				INFOPLIST_KEY_UIMainStoryboardFile = Main;
				INFOPLIST_KEY_UISupportedInterfaceOrientations_iPad = "UIInterfaceOrientationPortrait UIInterfaceOrientationPortraitUpsideDown UIInterfaceOrientationLandscapeLeft UIInterfaceOrientationLandscapeRight";
				INFOPLIST_KEY_UISupportedInterfaceOrientations_iPhone = "UIInterfaceOrientationPortrait UIInterfaceOrientationLandscapeLeft UIInterfaceOrientationLandscapeRight";
				LD_RUNPATH_SEARCH_PATHS = (
					"$(inherited)",
					"@executable_path/Frameworks",
				);
				MARKETING_VERSION = 1.0;
				PRODUCT_BUNDLE_IDENTIFIER = dev.haroldjose.UIKitAndSwiftUI4Test;
				PRODUCT_NAME = "$(TARGET_NAME)";
				SWIFT_EMIT_LOC_STRINGS = YES;
				SWIFT_VERSION = 5.0;
				TARGETED_DEVICE_FAMILY = "1,2";
			};
			name = Release;
		};
		844DF2F3277258C7008B95CF /* Debug */ = {
			isa = XCBuildConfiguration;
			buildSettings = {
				ALWAYS_EMBED_SWIFT_STANDARD_LIBRARIES = YES;
				BUNDLE_LOADER = "$(TEST_HOST)";
				CODE_SIGN_STYLE = Automatic;
				CURRENT_PROJECT_VERSION = 1;
				DEVELOPMENT_TEAM = 7TBCX7QSF9;
				GENERATE_INFOPLIST_FILE = YES;
				IPHONEOS_DEPLOYMENT_TARGET = 15.2;
				MARKETING_VERSION = 1.0;
				PRODUCT_BUNDLE_IDENTIFIER = dev.haroldjose.UIKitAndSwiftUI4TestTests;
				PRODUCT_NAME = "$(TARGET_NAME)";
				SWIFT_EMIT_LOC_STRINGS = NO;
				SWIFT_VERSION = 5.0;
				TARGETED_DEVICE_FAMILY = "1,2";
				TEST_HOST = "$(BUILT_PRODUCTS_DIR)/UIKitAndSwiftUI4Test.app/UIKitAndSwiftUI4Test";
			};
			name = Debug;
		};
		844DF2F4277258C7008B95CF /* Release */ = {
			isa = XCBuildConfiguration;
			buildSettings = {
				ALWAYS_EMBED_SWIFT_STANDARD_LIBRARIES = YES;
				BUNDLE_LOADER = "$(TEST_HOST)";
				CODE_SIGN_STYLE = Automatic;
				CURRENT_PROJECT_VERSION = 1;
				DEVELOPMENT_TEAM = 7TBCX7QSF9;
				GENERATE_INFOPLIST_FILE = YES;
				IPHONEOS_DEPLOYMENT_TARGET = 15.2;
				MARKETING_VERSION = 1.0;
				PRODUCT_BUNDLE_IDENTIFIER = dev.haroldjose.UIKitAndSwiftUI4TestTests;
				PRODUCT_NAME = "$(TARGET_NAME)";
				SWIFT_EMIT_LOC_STRINGS = NO;
				SWIFT_VERSION = 5.0;
				TARGETED_DEVICE_FAMILY = "1,2";
				TEST_HOST = "$(BUILT_PRODUCTS_DIR)/UIKitAndSwiftUI4Test.app/UIKitAndSwiftUI4Test";
			};
			name = Release;
		};
		844DF2F6277258C7008B95CF /* Debug */ = {
			isa = XCBuildConfiguration;
			buildSettings = {
				ALWAYS_EMBED_SWIFT_STANDARD_LIBRARIES = YES;
				CODE_SIGN_STYLE = Automatic;
				CURRENT_PROJECT_VERSION = 1;
				DEVELOPMENT_TEAM = 7TBCX7QSF9;
				GENERATE_INFOPLIST_FILE = YES;
				MARKETING_VERSION = 1.0;
				PRODUCT_BUNDLE_IDENTIFIER = dev.haroldjose.UIKitAndSwiftUI4TestUITests;
				PRODUCT_NAME = "$(TARGET_NAME)";
				SWIFT_EMIT_LOC_STRINGS = NO;
				SWIFT_VERSION = 5.0;
				TARGETED_DEVICE_FAMILY = "1,2";
				TEST_TARGET_NAME = UIKitAndSwiftUI4Test;
			};
			name = Debug;
		};
		844DF2F7277258C7008B95CF /* Release */ = {
			isa = XCBuildConfiguration;
			buildSettings = {
				ALWAYS_EMBED_SWIFT_STANDARD_LIBRARIES = YES;
				CODE_SIGN_STYLE = Automatic;
				CURRENT_PROJECT_VERSION = 1;
				DEVELOPMENT_TEAM = 7TBCX7QSF9;
				GENERATE_INFOPLIST_FILE = YES;
				MARKETING_VERSION = 1.0;
				PRODUCT_BUNDLE_IDENTIFIER = dev.haroldjose.UIKitAndSwiftUI4TestUITests;
				PRODUCT_NAME = "$(TARGET_NAME)";
				SWIFT_EMIT_LOC_STRINGS = NO;
				SWIFT_VERSION = 5.0;
				TARGETED_DEVICE_FAMILY = "1,2";
				TEST_TARGET_NAME = UIKitAndSwiftUI4Test;
			};
			name = Release;
		};
/* End XCBuildConfiguration section */

/* Begin XCConfigurationList section */
		844DF2C0277258C5008B95CF /* Build configuration list for PBXProject "UIKitAndSwiftUI4Test" */ = {
			isa = XCConfigurationList;
			buildConfigurations = (
				844DF2ED277258C7008B95CF /* Debug */,
				844DF2EE277258C7008B95CF /* Release */,
			);
			defaultConfigurationIsVisible = 0;
			defaultConfigurationName = Release;
		};
		844DF2EF277258C7008B95CF /* Build configuration list for PBXNativeTarget "UIKitAndSwiftUI4Test" */ = {
			isa = XCConfigurationList;
			buildConfigurations = (
				844DF2F0277258C7008B95CF /* Debug */,
				844DF2F1277258C7008B95CF /* Release */,
			);
			defaultConfigurationIsVisible = 0;
			defaultConfigurationName = Release;
		};
		844DF2F2277258C7008B95CF /* Build configuration list for PBXNativeTarget "UIKitAndSwiftUI4TestTests" */ = {
			isa = XCConfigurationList;
			buildConfigurations = (
				844DF2F3277258C7008B95CF /* Debug */,
				844DF2F4277258C7008B95CF /* Release */,
			);
			defaultConfigurationIsVisible = 0;
			defaultConfigurationName = Release;
		};
		844DF2F5277258C7008B95CF /* Build configuration list for PBXNativeTarget "UIKitAndSwiftUI4TestUITests" */ = {
			isa = XCConfigurationList;
			buildConfigurations = (
				844DF2F6277258C7008B95CF /* Debug */,
				844DF2F7277258C7008B95CF /* Release */,
			);
			defaultConfigurationIsVisible = 0;
			defaultConfigurationName = Release;
		};
/* End XCConfigurationList section */
	};
	rootObject = 844DF2BD277258C5008B95CF /* Project object */;
}
